#MicroXplorer Configuration settings - do not modify
Mcu.Family=STM32L4
ProjectManager.MainLocation=Core/Src
PA15\ (JTDI).GPIOParameters=GPIO_Label
RCC.USART1Freq_Value=80000000
RCC.SAI1Freq_Value=18285714.285714287
RCC.CortexFreq_Value=80000000
ProjectManager.KeepUserCode=true
Mcu.UserName=STM32L476RGTx
TOUCHSENSING.TSLPRM_DTO=3
PC12.Locked=true
PC10.Signal=TSC_G3_IO2
PC12.Signal=TSC_G3_IO4
RCC.PLLSAI1RoutputFreq_Value=64000000
ProjectManager.functionlistsort=1-MX_GPIO_Init-GPIO-false-HAL-true,2-SystemClock_Config-RCC-false-HAL-false,3-MX_TSC_Init-TSC-false-HAL-true
PA13\ (JTMS-SWDIO).Locked=true
RCC.USART2Freq_Value=80000000
PA15\ (JTDI).Signal=TSC_G3_IO1
TSC.ChannelIOs-G2_IO2=TSC_GROUP2_IO2
TSC.ChannelIOs-G2_IO3=TSC_GROUP2_IO3
TSC.ChannelIOs-G2_IO3-Channel=TSC_GROUP2_IO3
TSC.ChannelIOs-G3_IO3-Channel=TSC_GROUP3_IO3
PB13.Signal=TSC_G1_IO2
PB15.Signal=TSC_G1_IO4
PinOutPanel.RotationAngle=0
RCC.MCO1PinFreq_Value=80000000
RCC.SYSCLKSource=RCC_SYSCLKSOURCE_PLLCLK
TSC.ChannelIOs-G1_IO3-Channel=TSC_GROUP1_IO3
ProjectManager.StackSize=0x400
PA14\ (JTCK-SWCLK).Signal=SYS_JTCK-SWCLK
RCC.I2C3Freq_Value=80000000
RCC.LPTIM1Freq_Value=80000000
Mcu.IP4=TSC
TSC.ChannelIOs-G4_IO3-Channel=TSC_GROUP4_IO3
RCC.FCLKCortexFreq_Value=80000000
NVIC.SVCall_IRQn=true\:0\:0\:false\:false\:true\:false\:false
Mcu.IP2=SYS
Mcu.IP3=TOUCHSENSING
Mcu.IP0=NVIC
PA15\ (JTDI).Mode=G3_IO1-Sampling
Mcu.IP1=RCC
TSC.SamplingIOs-G4_IO4=TSC_GROUP4_IO4
Mcu.UserConstants=
RCC.VCOSAI1OutputFreq_Value=128000000
RCC.SDMMCFreq_Value=64000000
PA14\ (JTCK-SWCLK).GPIOParameters=GPIO_Label
Mcu.ThirdPartyNb=0
RCC.HCLKFreq_Value=80000000
Mcu.IPNb=5
ProjectManager.PreviousToolchain=
RCC.APB2TimFreq_Value=80000000
PB6.Signal=TSC_G2_IO3
PC7.Signal=TSC_G4_IO2
TSC.SpreadSpectrum=ENABLE
PB6.Mode=G2_IO3-Channel
Mcu.Pin6=PC7
RCC.SAI2Freq_Value=18285714.285714287
Mcu.Pin7=PC8
RCC.HSICalibrationValue=31
Mcu.Pin8=PC9
Mcu.Pin9=PA13 (JTMS-SWDIO)
TOUCHSENSING.TSLPRM_TOTAL_TOUCHKEYS_B=1
RCC.AHBFreq_Value=80000000
RCC.PREFETCH_ENABLE=1
Mcu.Pin0=PA5
Mcu.Pin1=PB12
GPIO.groupedBy=Group By Peripherals
Mcu.Pin2=PB13
RCC.USART3Freq_Value=80000000
Mcu.Pin3=PB14
Mcu.Pin4=PB15
Mcu.Pin5=PC6
ProjectManager.ProjectBuild=false
RCC.HSE_VALUE=8000000
NVIC.UsageFault_IRQn=true\:0\:0\:false\:false\:true\:true\:false
NVIC.DebugMonitor_IRQn=true\:0\:0\:false\:false\:true\:true\:false
NVIC.SysTick_IRQn=true\:0\:0\:false\:false\:true\:true\:true
ProjectManager.FirmwarePackage=STM32Cube FW_L4 V1.17.0
MxDb.Version=DB.6.0.21
ProjectManager.BackupPrevious=false
RCC.VCOInputFreq_Value=16000000
PB14.Mode=G1_IO3-Channel
PA5.GPIO_PuPd=GPIO_NOPULL
PB5.Mode=G2_IO2-Channel
File.Version=6
PC9.Mode=G4_IO4-Sampling
PB7.Signal=TSC_G2_IO4
TSC.PulseGeneratorPrescaler=TSC_PG_PRESC_DIV1
RCC.PLLRCLKFreq_Value=80000000
NVIC.PendSV_IRQn=true\:0\:0\:false\:false\:true\:false\:false
ProjectManager.HalAssertFull=false
TSC.ChannelIOs-G4_IO1-Channel=TSC_GROUP4_IO1
ProjectManager.ProjectName=tscProximitySensor
Mcu.Package=LQFP64
PB12.Mode=G1_IO1-Channel
PA5.Locked=true
TSC.ChannelIOs-G1_IO2=TSC_GROUP1_IO2
TSC.ChannelIOs-G1_IO3=TSC_GROUP1_IO3
ProjectManager.ToolChainLocation=
RCC.LSI_VALUE=32000
VP_SYS_VS_Systick.Signal=SYS_VS_Systick
RCC.LSCOPinFreq_Value=32000
RCC.DFSDMFreq_Value=80000000
PA5.GPIOParameters=GPIO_Speed,GPIO_PuPd,GPIO_Label,GPIO_ModeDefaultOutputPP
PC11.Mode=G3_IO3-Channel
TSC.ChannelIOs-G1_IO1=TSC_GROUP1_IO1
TSC.SamplingIOs-G2_IO4-Sampling=TSC_GROUP2_IO4
RCC.PLLPoutputFreq_Value=22857142.85714286
RCC.APB1TimFreq_Value=80000000
NVIC.BusFault_IRQn=true\:0\:0\:false\:false\:true\:true\:false
RCC.LPUART1Freq_Value=80000000
PB13.Mode=G1_IO2-Channel
PA13\ (JTMS-SWDIO).Signal=SYS_JTMS-SWDIO
PA13\ (JTMS-SWDIO).GPIOParameters=GPIO_Label
TSC.ChannelIOs-G1_IO2-Channel=TSC_GROUP1_IO2
TSC.ChannelIOs-G3_IO2-Channel=TSC_GROUP3_IO2
ProjectManager.CustomerFirmwarePackage=
TSC.SamplingIOs-G1_IO4=TSC_GROUP1_IO4
RCC.MSI_VALUE=4000000
RCC.PLLSourceVirtual=RCC_PLLSOURCE_HSI
PA14\ (JTCK-SWCLK).Mode=Serial_Wire
RCC.PLLQoutputFreq_Value=80000000
ProjectManager.ProjectFileName=tscProximitySensor.ioc
PC10.GPIO_Label=SENSOR
Mcu.PinsNb=20
ProjectManager.NoMain=false
PC11.Signal=TSC_G3_IO3
RCC.SWPMI1Freq_Value=80000000
PC8.Signal=TSC_G4_IO3
PC6.Signal=TSC_G4_IO1
PC10.Mode=G3_IO2-Channel
TSC.ChannelIOs-G4_IO3=TSC_GROUP4_IO3
ProjectManager.DefaultFWLocation=true
TSC.ChannelIOs-G4_IO2=TSC_GROUP4_IO2
TSC.ChannelIOs-G4_IO1=TSC_GROUP4_IO1
PA14\ (JTCK-SWCLK).GPIO_Label=TCK
ProjectManager.DeletePrevious=true
RCC.VCOSAI2OutputFreq_Value=128000000
boardIOC=true
RCC.FamilyName=M
TSC.SamplingIOs-G2_IO4=TSC_GROUP2_IO4
ProjectManager.TargetToolchain=STM32CubeIDE
PC6.Mode=G4_IO1-Channel
ProjectManager.RegisterCallBack=
RCC.USBFreq_Value=64000000
TSC.IODefaultMode=TSC_IODEF_IN_FLOAT
RCC.LSE_VALUE=32768
RCC.PLLSAI1PoutputFreq_Value=18285714.285714287
TSC.CTPulseHighLength=TSC_CTPH_16CYCLES
PB14.Signal=TSC_G1_IO3
RCC.PLLSAI2RoutputFreq_Value=64000000
PA5.Signal=GPIO_Output
VP_TOUCHSENSING_VS_TOUCHSENSING.Mode=TouchSensing_Enabled
PC12.Mode=G3_IO4-Channel
board=NUCLEO-L476RG
RCC.VCOOutputFreq_Value=160000000
ProjectManager.LastFirmware=true
PB15.Mode=G1_IO4-Sampling
TSC.ChannelIOs-G3_IO4-Channel=TSC_GROUP3_IO4
RCC.APB2Freq_Value=80000000
RCC.UART4Freq_Value=80000000
MxCube.Version=6.2.1
PA5.GPIO_ModeDefaultOutputPP=GPIO_MODE_OUTPUT_PP
PA13\ (JTMS-SWDIO).GPIO_Label=TMS
RCC.I2C1Freq_Value=80000000
RCC.RNGFreq_Value=64000000
RCC.PLLSAI1QoutputFreq_Value=64000000
TOUCHSENSING.TSLPRM_SENSORS_DATAS=TSLPRM_TOTAL_TOUCHKEYS_B 1 1 
RCC.ADCFreq_Value=64000000
VP_SYS_VS_Systick.Mode=SysTick
TSC.IPParameters=SamplingIOs-G1_IO4,ChannelIOs-G1_IO1,ChannelIOs-G1_IO2,ChannelIOs-G1_IO3,ChannelIOs-G2_IO2,ChannelIOs-G2_IO3,ChannelIOs-G3_IO2,ChannelIOs-G3_IO3,SamplingIOs-G4_IO4,ChannelIOs-G4_IO1,ChannelIOs-G4_IO2,ChannelIOs-G4_IO3,SamplingIOs-G2_IO4,CTPulseHighLength,CTPulseLowLength,IODefaultMode,PulseGeneratorPrescaler,SamplingIOs-G3_IO1,ChannelIOs-G3_IO4,SamplingIOs-G1_IO4-Sampling,ChannelIOs-G1_IO1-Channel,ChannelIOs-G1_IO2-Channel,ChannelIOs-G1_IO3-Channel,SamplingIOs-G2_IO4-Sampling,ChannelIOs-G2_IO2-Channel,ChannelIOs-G2_IO3-Channel,SamplingIOs-G3_IO1-Sampling,ChannelIOs-G3_IO2-Channel,ChannelIOs-G3_IO3-Channel,ChannelIOs-G3_IO4-Channel,SamplingIOs-G4_IO4-Sampling,ChannelIOs-G4_IO1-Channel,ChannelIOs-G4_IO2-Channel,ChannelIOs-G4_IO3-Channel,SpreadSpectrum
TSC.SamplingIOs-G1_IO4-Sampling=TSC_GROUP1_IO4
TSC.SamplingIOs-G3_IO1-Sampling=TSC_GROUP3_IO1
NVIC.NonMaskableInt_IRQn=true\:0\:0\:false\:false\:true\:true\:false
VP_TOUCHSENSING_VS_TOUCHSENSING.Signal=TOUCHSENSING_VS_TOUCHSENSING
PC10.GPIOParameters=GPIO_Label
RCC.UART5Freq_Value=80000000
ProjectManager.FreePins=false
PA15\ (JTDI).GPIO_Label=Csample
RCC.IPParameters=ADCFreq_Value,AHBFreq_Value,APB1Freq_Value,APB1TimFreq_Value,APB2Freq_Value,APB2TimFreq_Value,CortexFreq_Value,DFSDMFreq_Value,FCLKCortexFreq_Value,FamilyName,HCLKFreq_Value,HSE_VALUE,HSICalibrationValue,HSI_VALUE,I2C1Freq_Value,I2C2Freq_Value,I2C3Freq_Value,LPTIM1Freq_Value,LPTIM2Freq_Value,LPUART1Freq_Value,LSCOPinFreq_Value,LSE_VALUE,LSI_VALUE,MCO1PinFreq_Value,MSI_VALUE,PLLN,PLLPoutputFreq_Value,PLLQoutputFreq_Value,PLLRCLKFreq_Value,PLLSAI1PoutputFreq_Value,PLLSAI1QoutputFreq_Value,PLLSAI1RoutputFreq_Value,PLLSAI2PoutputFreq_Value,PLLSAI2RoutputFreq_Value,PLLSourceVirtual,PREFETCH_ENABLE,PWRFreq_Value,RNGFreq_Value,SAI1Freq_Value,SAI2Freq_Value,SDMMCFreq_Value,SWPMI1Freq_Value,SYSCLKFreq_VALUE,SYSCLKSource,UART4Freq_Value,UART5Freq_Value,USART1Freq_Value,USART2Freq_Value,USART3Freq_Value,USBFreq_Value,VCOInputFreq_Value,VCOOutputFreq_Value,VCOSAI1OutputFreq_Value,VCOSAI2OutputFreq_Value
ProjectManager.AskForMigrate=true
Mcu.Name=STM32L476R(C-E-G)Tx
RCC.LPTIM2Freq_Value=80000000
ProjectManager.UnderRoot=true
TSC.ChannelIOs-G1_IO1-Channel=TSC_GROUP1_IO1
PC8.Mode=G4_IO3-Channel
ProjectManager.CoupleFile=false
PA13\ (JTMS-SWDIO).Mode=Serial_Wire
RCC.SYSCLKFreq_VALUE=80000000
TSC.ChannelIOs-G3_IO4=TSC_GROUP3_IO4
PB5.Signal=TSC_G2_IO2
TSC.ChannelIOs-G3_IO2=TSC_GROUP3_IO2
TSC.ChannelIOs-G3_IO3=TSC_GROUP3_IO3
TOUCHSENSING.IO_TOUCHKEY_B1=G3_IO2
PA5.GPIO_Label=LD2 [green Led]
RCC.PLLSAI2PoutputFreq_Value=18285714.285714287
NVIC.ForceEnableDMAVector=true
PA14\ (JTCK-SWCLK).Locked=true
KeepUserPlacement=false
TSC.SamplingIOs-G3_IO1=TSC_GROUP3_IO1
NVIC.MemoryManagement_IRQn=true\:0\:0\:false\:false\:true\:true\:false
TSC.SamplingIOs-G4_IO4-Sampling=TSC_GROUP4_IO4
ProjectManager.CompilerOptimize=6
PB7.Mode=G2_IO4-Sampling
ProjectManager.HeapSize=0x200
Mcu.Pin15=PB5
NVIC.HardFault_IRQn=true\:0\:0\:false\:false\:true\:true\:false
Mcu.Pin16=PB6
Mcu.Pin13=PC11
Mcu.Pin14=PC12
Mcu.Pin19=VP_TOUCHSENSING_VS_TOUCHSENSING
TOUCHSENSING.IPParameters=TSLPRM_DTO,TSLPRM_TOTAL_TOUCHKEYS_B,IO_TOUCHKEY_B1,TSLPRM_SENSORS_DATAS
ProjectManager.ComputerToolchain=false
Mcu.Pin17=PB7
RCC.HSI_VALUE=16000000
Mcu.Pin18=VP_SYS_VS_Systick
PA5.GPIO_Speed=GPIO_SPEED_FREQ_LOW
NVIC.PriorityGroup=NVIC_PRIORITYGROUP_4
Mcu.Pin11=PA15 (JTDI)
Mcu.Pin12=PC10
RCC.PLLN=10
Mcu.Pin10=PA14 (JTCK-SWCLK)
TSC.CTPulseLowLength=TSC_CTPL_16CYCLES
RCC.PWRFreq_Value=80000000
PC9.Signal=TSC_G4_IO4
PC7.Mode=G4_IO2-Channel
RCC.I2C2Freq_Value=80000000
RCC.APB1Freq_Value=80000000
TSC.ChannelIOs-G2_IO2-Channel=TSC_GROUP2_IO2
TSC.ChannelIOs-G4_IO2-Channel=TSC_GROUP4_IO2
ProjectManager.DeviceId=STM32L476RGTx
PB12.Signal=TSC_G1_IO1
ProjectManager.LibraryCopy=1
isbadioc=false
